
Microsoft Visual Studio Solution File, Format Version 12.00
# Visual Studio Version 17
VisualStudioVersion = 17.10.35013.160
MinimumVisualStudioVersion = 10.0.40219.1
Project("{FAE04EC0-301F-11D3-BF4B-00C04F79EFBC}") = "TaskManagementSystem", "TaskManagementSystem\TaskManagementSystem.csproj", "{3390F4FC-CA47-447A-870A-722B56531055}"
EndProject
Global
	GlobalSection(SolutionConfigurationPlatforms) = preSolution
		Debug|Any CPU = Debug|Any CPU
		Release|Any CPU = Release|Any CPU
	EndGlobalSection
	GlobalSection(ProjectConfigurationPlatforms) = postSolution
		{3390F4FC-CA47-447A-870A-722B56531055}.Debug|Any CPU.ActiveCfg = Debug|Any CPU
		{3390F4FC-CA47-447A-870A-722B56531055}.Debug|Any CPU.Build.0 = Debug|Any CPU
		{3390F4FC-CA47-447A-870A-722B56531055}.Release|Any CPU.ActiveCfg = Release|Any CPU
		{3390F4FC-CA47-447A-870A-722B56531055}.Release|Any CPU.Build.0 = Release|Any CPU
	EndGlobalSection
	GlobalSection(SolutionProperties) = preSolution
		HideSolutionNode = FALSE
	EndGlobalSection
	GlobalSection(ExtensibilityGlobals) = postSolution
		SolutionGuid = {6BAA472B-EF34-4ECB-9B62-F80356D11157}
	EndGlobalSection
EndGlobal
